// !$*UTF8*$!
{
	archiveVersion = 1;
	classes = {
	};
	objectVersion = 51;
	objects = {

/* Begin PBXBuildFile section */
		460E71522699966700261821 /* MyFriendsVC.swift in Sources */ = {isa = PBXBuildFile; fileRef = 460E71512699966700261821 /* MyFriendsVC.swift */; };
		460E715C2699C8E000261821 /* FriendsTableViewCell.swift in Sources */ = {isa = PBXBuildFile; fileRef = 460E715B2699C8E000261821 /* FriendsTableViewCell.swift */; };
		460E71642699E8BE00261821 /* AddFriendsViewController.swift in Sources */ = {isa = PBXBuildFile; fileRef = 460E71632699E8BE00261821 /* AddFriendsViewController.swift */; };
		460E7166269B0D3F00261821 /* PhotoesFriendVC.swift in Sources */ = {isa = PBXBuildFile; fileRef = 460E7165269B0D3F00261821 /* PhotoesFriendVC.swift */; };
		460E7168269B148E00261821 /* PhotoCollectionViewCell.swift in Sources */ = {isa = PBXBuildFile; fileRef = 460E7167269B148E00261821 /* PhotoCollectionViewCell.swift */; };
		460E716F269DF8F800261821 /* AddFriendCell.swift in Sources */ = {isa = PBXBuildFile; fileRef = 460E716E269DF8F800261821 /* AddFriendCell.swift */; };
		460E7171269DFAF800261821 /* UserGroupsViewController.swift in Sources */ = {isa = PBXBuildFile; fileRef = 460E7170269DFAF800261821 /* UserGroupsViewController.swift */; };
		460E7173269DFD2100261821 /* AddGroupViewController.swift in Sources */ = {isa = PBXBuildFile; fileRef = 460E7172269DFD2100261821 /* AddGroupViewController.swift */; };
		460E7175269DFDCC00261821 /* AddGroupCell.swift in Sources */ = {isa = PBXBuildFile; fileRef = 460E7174269DFDCC00261821 /* AddGroupCell.swift */; };
		460E7177269E01C100261821 /* UserGroupTableViewCell.swift in Sources */ = {isa = PBXBuildFile; fileRef = 460E7176269E01C100261821 /* UserGroupTableViewCell.swift */; };
		461603AD2735B02B007D14B8 /* GetDataOperation.swift in Sources */ = {isa = PBXBuildFile; fileRef = 461603AC2735B02B007D14B8 /* GetDataOperation.swift */; };
		461603AF2735B126007D14B8 /* DataParseOperation.swift in Sources */ = {isa = PBXBuildFile; fileRef = 461603AE2735B126007D14B8 /* DataParseOperation.swift */; };
		461603B12735B2D9007D14B8 /* WriteRealmOperation.swift in Sources */ = {isa = PBXBuildFile; fileRef = 461603B02735B2D9007D14B8 /* WriteRealmOperation.swift */; };
		461603BB2737C0AD007D14B8 /* VK_applicationTests.swift in Sources */ = {isa = PBXBuildFile; fileRef = 461603BA2737C0AD007D14B8 /* VK_applicationTests.swift */; };
		462444F82725B9F500576DD8 /* FriendsCollectionTableViewCell.swift in Sources */ = {isa = PBXBuildFile; fileRef = 462444F72725B9F500576DD8 /* FriendsCollectionTableViewCell.swift */; };
		462444FA2725BA0700576DD8 /* FriendsTableCollectionViewCell.swift in Sources */ = {isa = PBXBuildFile; fileRef = 462444F92725BA0700576DD8 /* FriendsTableCollectionViewCell.swift */; };
		4638E5C326A04B0F004E26A2 /* AvatarImageView.swift in Sources */ = {isa = PBXBuildFile; fileRef = 4638E5C226A04B0F004E26A2 /* AvatarImageView.swift */; };
		4638E5C926A1A248004E26A2 /* ColorRandomExtension.swift in Sources */ = {isa = PBXBuildFile; fileRef = 4638E5C826A1A248004E26A2 /* ColorRandomExtension.swift */; };
		4638E5CF26A43994004E26A2 /* LikeControl2.swift in Sources */ = {isa = PBXBuildFile; fileRef = 4638E5CE26A43992004E26A2 /* LikeControl2.swift */; };
		4638E5D226A5D310004E26A2 /* LettersControl.swift in Sources */ = {isa = PBXBuildFile; fileRef = 4638E5D126A5D310004E26A2 /* LettersControl.swift */; };
		463994E126B04A22002AAF6D /* NewsCellText.xib in Resources */ = {isa = PBXBuildFile; fileRef = 463994E026B04A22002AAF6D /* NewsCellText.xib */; };
		463994E326B04A36002AAF6D /* NewsCellText.swift in Sources */ = {isa = PBXBuildFile; fileRef = 463994E226B04A36002AAF6D /* NewsCellText.swift */; };
		463994E626B06A75002AAF6D /* NewsCellHeader2.xib in Resources */ = {isa = PBXBuildFile; fileRef = 463994E526B06A75002AAF6D /* NewsCellHeader2.xib */; };
		463994E826B06BCC002AAF6D /* NewsCellHeader.swift in Sources */ = {isa = PBXBuildFile; fileRef = 463994E726B06BCC002AAF6D /* NewsCellHeader.swift */; };
		463D87A5274A618B0025922A /* AttributedStringSetup.swift in Sources */ = {isa = PBXBuildFile; fileRef = 463D87A4274A618A0025922A /* AttributedStringSetup.swift */; };
		463DBCE026FA276A005723AF /* VKLoginViewController.swift in Sources */ = {isa = PBXBuildFile; fileRef = 463DBCDF26FA2769005723AF /* VKLoginViewController.swift */; };
		463DBCE226FB7A56005723AF /* FriendsServices.swift in Sources */ = {isa = PBXBuildFile; fileRef = 463DBCE126FB7A56005723AF /* FriendsServices.swift */; };
		463DBCE626FBBE5D005723AF /* PhotoesServices.swift in Sources */ = {isa = PBXBuildFile; fileRef = 463DBCE526FBBE5D005723AF /* PhotoesServices.swift */; };
		463DBCE826FBC440005723AF /* GroupsServices.swift in Sources */ = {isa = PBXBuildFile; fileRef = 463DBCE726FBC440005723AF /* GroupsServices.swift */; };
		463DBCED26FF8970005723AF /* FriendsModel.swift in Sources */ = {isa = PBXBuildFile; fileRef = 463DBCEC26FF8970005723AF /* FriendsModel.swift */; };
		463DBCF227007308005723AF /* PhotoesModel.swift in Sources */ = {isa = PBXBuildFile; fileRef = 463DBCF127007308005723AF /* PhotoesModel.swift */; };
		463DBCF52701DDC3005723AF /* GroupsGetModel.swift in Sources */ = {isa = PBXBuildFile; fileRef = 463DBCF42701DDC3005723AF /* GroupsGetModel.swift */; };
		4649E6212726A96A00703BA8 /* ProfilePhotoCollectionCell.swift in Sources */ = {isa = PBXBuildFile; fileRef = 4649E6202726A96A00703BA8 /* ProfilePhotoCollectionCell.swift */; };
		4649E6232726A98300703BA8 /* ProfilePhotoTableCell.swift in Sources */ = {isa = PBXBuildFile; fileRef = 4649E6222726A98300703BA8 /* ProfilePhotoTableCell.swift */; };
		464BACE426ECDC7E000402B0 /* LoadingViewController.swift in Sources */ = {isa = PBXBuildFile; fileRef = 464BACE326ECDC7E000402B0 /* LoadingViewController.swift */; };
		464BACE726ED1C8E000402B0 /* GroupCellLogo.swift in Sources */ = {isa = PBXBuildFile; fileRef = 464BACE526ED1C8E000402B0 /* GroupCellLogo.swift */; };
		464BACE826ED1C8E000402B0 /* GroupCellLogo.xib in Resources */ = {isa = PBXBuildFile; fileRef = 464BACE626ED1C8E000402B0 /* GroupCellLogo.xib */; };
		464BACEF26EDEA84000402B0 /* SubscribeControl.swift in Sources */ = {isa = PBXBuildFile; fileRef = 464BACEE26EDEA84000402B0 /* SubscribeControl.swift */; };
		464BACF126F10213000402B0 /* RepostControl.swift in Sources */ = {isa = PBXBuildFile; fileRef = 464BACF026F10213000402B0 /* RepostControl.swift */; };
		464BACF326F10A23000402B0 /* NotificationControl.swift in Sources */ = {isa = PBXBuildFile; fileRef = 464BACF226F10A23000402B0 /* NotificationControl.swift */; };
		464BACF626F24F29000402B0 /* DescriptionCell.swift in Sources */ = {isa = PBXBuildFile; fileRef = 464BACF426F24F29000402B0 /* DescriptionCell.swift */; };
		464BACF726F24F29000402B0 /* DescriptionCell.xib in Resources */ = {isa = PBXBuildFile; fileRef = 464BACF526F24F29000402B0 /* DescriptionCell.xib */; };
		464BACF926F25B4A000402B0 /* MoreGroupInfo.swift in Sources */ = {isa = PBXBuildFile; fileRef = 464BACF826F25B4A000402B0 /* MoreGroupInfo.swift */; };
		464BACFF26F38799000402B0 /* UserSession.swift in Sources */ = {isa = PBXBuildFile; fileRef = 464BACFE26F38799000402B0 /* UserSession.swift */; };
		4654BD662711BE540070A159 /* RealmServices.swift in Sources */ = {isa = PBXBuildFile; fileRef = 4654BD652711BE540070A159 /* RealmServices.swift */; };
		46557954272AE55000843C6B /* UsersGetModel.swift in Sources */ = {isa = PBXBuildFile; fileRef = 46557953272AE55000843C6B /* UsersGetModel.swift */; };
		46557956272ECC2400843C6B /* MoreInfoVC.swift in Sources */ = {isa = PBXBuildFile; fileRef = 46557955272ECC2400843C6B /* MoreInfoVC.swift */; };
		4655795A272ECF7700843C6B /* MoreInfoViewCell.swift in Sources */ = {isa = PBXBuildFile; fileRef = 46557958272ECF7700843C6B /* MoreInfoViewCell.swift */; };
		4655795B272ECF7700843C6B /* MoreInfoViewCell.xib in Resources */ = {isa = PBXBuildFile; fileRef = 46557959272ECF7700843C6B /* MoreInfoViewCell.xib */; };
		465E093126C6B8A100B7EDB7 /* ProfileGroupVC.swift in Sources */ = {isa = PBXBuildFile; fileRef = 465E093026C6B8A100B7EDB7 /* ProfileGroupVC.swift */; };
		465E093426C6BB7400B7EDB7 /* GroupCellHeader.xib in Resources */ = {isa = PBXBuildFile; fileRef = 465E093326C6BB7400B7EDB7 /* GroupCellHeader.xib */; };
		465E093626C6BBDA00B7EDB7 /* GroupCellHeader.swift in Sources */ = {isa = PBXBuildFile; fileRef = 465E093526C6BBDA00B7EDB7 /* GroupCellHeader.swift */; };
		466420CD271775C3004DD73B /* ErrorsModel.swift in Sources */ = {isa = PBXBuildFile; fileRef = 466420CC271775C3004DD73B /* ErrorsModel.swift */; };
		466420CF2717788F004DD73B /* ServerCodeResponseModel.swift in Sources */ = {isa = PBXBuildFile; fileRef = 466420CE2717788F004DD73B /* ServerCodeResponseModel.swift */; };
		466420D4271783D3004DD73B /* WallServices.swift in Sources */ = {isa = PBXBuildFile; fileRef = 466420D3271783D3004DD73B /* WallServices.swift */; };
		466420D627178EBD004DD73B /* WallGetModel.swift in Sources */ = {isa = PBXBuildFile; fileRef = 466420D527178EBD004DD73B /* WallGetModel.swift */; };
		466420DB27185E28004DD73B /* ProfileVC.swift in Sources */ = {isa = PBXBuildFile; fileRef = 466420DA27185E28004DD73B /* ProfileVC.swift */; };
		466420DF27185EEB004DD73B /* HeaderProfileCell.swift in Sources */ = {isa = PBXBuildFile; fileRef = 466420DD27185EEB004DD73B /* HeaderProfileCell.swift */; };
		466420E027185EEB004DD73B /* HeaderProfileCell.xib in Resources */ = {isa = PBXBuildFile; fileRef = 466420DE27185EEB004DD73B /* HeaderProfileCell.xib */; };
		466420E2271872FB004DD73B /* AccountModel.swift in Sources */ = {isa = PBXBuildFile; fileRef = 466420E1271872FB004DD73B /* AccountModel.swift */; };
		466420E527187E59004DD73B /* AccountServices.swift in Sources */ = {isa = PBXBuildFile; fileRef = 466420E427187E59004DD73B /* AccountServices.swift */; };
		466A12CC27061D81007155E7 /* GroupsSearchModel.swift in Sources */ = {isa = PBXBuildFile; fileRef = 466A12CB27061D81007155E7 /* GroupsSearchModel.swift */; };
		466A12D827074AF3007155E7 /* UsersServices.swift in Sources */ = {isa = PBXBuildFile; fileRef = 466A12D727074AF3007155E7 /* UsersServices.swift */; };
		466A12DA2707510F007155E7 /* UsersSearchModel.swift in Sources */ = {isa = PBXBuildFile; fileRef = 466A12D92707510F007155E7 /* UsersSearchModel.swift */; };
		466D880D27202C59005C7626 /* DefaultAlert.swift in Sources */ = {isa = PBXBuildFile; fileRef = 466D880C27202C59005C7626 /* DefaultAlert.swift */; };
		467165BA26B449FD001C9E8D /* PhotoesFriendCastomLayout.swift in Sources */ = {isa = PBXBuildFile; fileRef = 467165B926B449FD001C9E8D /* PhotoesFriendCastomLayout.swift */; };
		467165BD26B573E4001C9E8D /* BigPhotoViewController.swift in Sources */ = {isa = PBXBuildFile; fileRef = 467165BC26B573E4001C9E8D /* BigPhotoViewController.swift */; };
		467165BF26B76E00001C9E8D /* BigPhotoView.swift in Sources */ = {isa = PBXBuildFile; fileRef = 467165BE26B76E00001C9E8D /* BigPhotoView.swift */; };
		467165D626BBF0C6001C9E8D /* AvatarUIView.swift in Sources */ = {isa = PBXBuildFile; fileRef = 467165D526BBF0C6001C9E8D /* AvatarUIView.swift */; };
		467165D826BEAA3D001C9E8D /* NewsCellFooter.xib in Resources */ = {isa = PBXBuildFile; fileRef = 467165D726BEAA3D001C9E8D /* NewsCellFooter.xib */; };
		467165DA26BEAACF001C9E8D /* NewsCellFooter.swift in Sources */ = {isa = PBXBuildFile; fileRef = 467165D926BEAACF001C9E8D /* NewsCellFooter.swift */; };
		4671660026BFEE75001C9E8D /* BigImageNewsVC.swift in Sources */ = {isa = PBXBuildFile; fileRef = 467165FF26BFEE75001C9E8D /* BigImageNewsVC.swift */; };
		46751C3F26B1B4D800762EC5 /* MessagesController.swift in Sources */ = {isa = PBXBuildFile; fileRef = 46751C3E26B1B4D800762EC5 /* MessagesController.swift */; };
		469BA92E27346BE200E4B898 /* AsyncOperation.swift in Sources */ = {isa = PBXBuildFile; fileRef = 469BA92D27346BE200E4B898 /* AsyncOperation.swift */; };
		469F57A9269089F200F3A697 /* AppDelegate.swift in Sources */ = {isa = PBXBuildFile; fileRef = 469F57A8269089F200F3A697 /* AppDelegate.swift */; };
		469F57AB269089F200F3A697 /* SceneDelegate.swift in Sources */ = {isa = PBXBuildFile; fileRef = 469F57AA269089F200F3A697 /* SceneDelegate.swift */; };
		469F57B0269089F200F3A697 /* Main.storyboard in Resources */ = {isa = PBXBuildFile; fileRef = 469F57AE269089F200F3A697 /* Main.storyboard */; };
		469F57B2269089F200F3A697 /* Assets.xcassets in Resources */ = {isa = PBXBuildFile; fileRef = 469F57B1269089F200F3A697 /* Assets.xcassets */; };
		469F57B5269089F200F3A697 /* LaunchScreen.storyboard in Resources */ = {isa = PBXBuildFile; fileRef = 469F57B3269089F200F3A697 /* LaunchScreen.storyboard */; };
		46EB456E26A83DF900183E66 /* AddFriendsViewHeader.swift in Sources */ = {isa = PBXBuildFile; fileRef = 46EB456D26A83DF800183E66 /* AddFriendsViewHeader.swift */; };
		46EB457126A8533400183E66 /* AddFriendCell.xib in Resources */ = {isa = PBXBuildFile; fileRef = 46EB457026A8533400183E66 /* AddFriendCell.xib */; };
		46EB457526AAD21100183E66 /* NewsCellPhoto.xib in Resources */ = {isa = PBXBuildFile; fileRef = 46EB457426AAD21100183E66 /* NewsCellPhoto.xib */; };
		46EB457726AAD9AA00183E66 /* NewsCellPhoto.swift in Sources */ = {isa = PBXBuildFile; fileRef = 46EB457626AAD9AA00183E66 /* NewsCellPhoto.swift */; };
		46EB457926AADA6700183E66 /* NewsVC.swift in Sources */ = {isa = PBXBuildFile; fileRef = 46EB457826AADA6700183E66 /* NewsVC.swift */; };
		46EB458926AEE3F600183E66 /* RepostControl2.swift in Sources */ = {isa = PBXBuildFile; fileRef = 46EB458826AEE3F500183E66 /* RepostControl2.swift */; };
		46EB458B26AEE7F200183E66 /* CommentControl2.swift in Sources */ = {isa = PBXBuildFile; fileRef = 46EB458A26AEE7F200183E66 /* CommentControl2.swift */; };
		46EB458D26AEEB1F00183E66 /* ViewsControl.swift in Sources */ = {isa = PBXBuildFile; fileRef = 46EB458C26AEEB1F00183E66 /* ViewsControl.swift */; };
		46F87AD62728554800BCB96E /* NewsFeedModel.swift in Sources */ = {isa = PBXBuildFile; fileRef = 46F87AD52728554800BCB96E /* NewsFeedModel.swift */; };
		46F87AD927285CF400BCB96E /* NewsFeedServices.swift in Sources */ = {isa = PBXBuildFile; fileRef = 46F87AD827285CF400BCB96E /* NewsFeedServices.swift */; };
		46F87ADB2728C53D00BCB96E /* DateFormatterRU.swift in Sources */ = {isa = PBXBuildFile; fileRef = 46F87ADA2728C53D00BCB96E /* DateFormatterRU.swift */; };
		F4EFB77F73E4F5A4FEE4818C /* Pods_VK_application.framework in Frameworks */ = {isa = PBXBuildFile; fileRef = 885A5E602B0D2E7C813C8974 /* Pods_VK_application.framework */; };
/* End PBXBuildFile section */

/* Begin PBXContainerItemProxy section */
		461603BC2737C0AD007D14B8 /* PBXContainerItemProxy */ = {
			isa = PBXContainerItemProxy;
			containerPortal = 469F579D269089F200F3A697 /* Project object */;
			proxyType = 1;
			remoteGlobalIDString = 469F57A4269089F200F3A697;
			remoteInfo = VK_application;
		};
/* End PBXContainerItemProxy section */

/* Begin PBXFileReference section */
		460E71512699966700261821 /* MyFriendsVC.swift */ = {isa = PBXFileReference; lastKnownFileType = sourcecode.swift; path = MyFriendsVC.swift; sourceTree = "<group>"; };
		460E715B2699C8E000261821 /* FriendsTableViewCell.swift */ = {isa = PBXFileReference; lastKnownFileType = sourcecode.swift; path = FriendsTableViewCell.swift; sourceTree = "<group>"; };
		460E71632699E8BE00261821 /* AddFriendsViewController.swift */ = {isa = PBXFileReference; lastKnownFileType = sourcecode.swift; path = AddFriendsViewController.swift; sourceTree = "<group>"; };
		460E7165269B0D3F00261821 /* PhotoesFriendVC.swift */ = {isa = PBXFileReference; lastKnownFileType = sourcecode.swift; path = PhotoesFriendVC.swift; sourceTree = "<group>"; };
		460E7167269B148E00261821 /* PhotoCollectionViewCell.swift */ = {isa = PBXFileReference; lastKnownFileType = sourcecode.swift; path = PhotoCollectionViewCell.swift; sourceTree = "<group>"; };
		460E716E269DF8F800261821 /* AddFriendCell.swift */ = {isa = PBXFileReference; lastKnownFileType = sourcecode.swift; path = AddFriendCell.swift; sourceTree = "<group>"; };
		460E7170269DFAF800261821 /* UserGroupsViewController.swift */ = {isa = PBXFileReference; lastKnownFileType = sourcecode.swift; path = UserGroupsViewController.swift; sourceTree = "<group>"; };
		460E7172269DFD2100261821 /* AddGroupViewController.swift */ = {isa = PBXFileReference; lastKnownFileType = sourcecode.swift; path = AddGroupViewController.swift; sourceTree = "<group>"; };
		460E7174269DFDCC00261821 /* AddGroupCell.swift */ = {isa = PBXFileReference; lastKnownFileType = sourcecode.swift; path = AddGroupCell.swift; sourceTree = "<group>"; };
		460E7176269E01C100261821 /* UserGroupTableViewCell.swift */ = {isa = PBXFileReference; lastKnownFileType = sourcecode.swift; path = UserGroupTableViewCell.swift; sourceTree = "<group>"; };
		461603AC2735B02B007D14B8 /* GetDataOperation.swift */ = {isa = PBXFileReference; lastKnownFileType = sourcecode.swift; path = GetDataOperation.swift; sourceTree = "<group>"; };
		461603AE2735B126007D14B8 /* DataParseOperation.swift */ = {isa = PBXFileReference; lastKnownFileType = sourcecode.swift; path = DataParseOperation.swift; sourceTree = "<group>"; };
		461603B02735B2D9007D14B8 /* WriteRealmOperation.swift */ = {isa = PBXFileReference; lastKnownFileType = sourcecode.swift; path = WriteRealmOperation.swift; sourceTree = "<group>"; };
		461603B82737C0AD007D14B8 /* VK_applicationTests.xctest */ = {isa = PBXFileReference; explicitFileType = wrapper.cfbundle; includeInIndex = 0; path = VK_applicationTests.xctest; sourceTree = BUILT_PRODUCTS_DIR; };
		461603BA2737C0AD007D14B8 /* VK_applicationTests.swift */ = {isa = PBXFileReference; lastKnownFileType = sourcecode.swift; path = VK_applicationTests.swift; sourceTree = "<group>"; };
		462444F72725B9F500576DD8 /* FriendsCollectionTableViewCell.swift */ = {isa = PBXFileReference; lastKnownFileType = sourcecode.swift; path = FriendsCollectionTableViewCell.swift; sourceTree = "<group>"; };
		462444F92725BA0700576DD8 /* FriendsTableCollectionViewCell.swift */ = {isa = PBXFileReference; lastKnownFileType = sourcecode.swift; path = FriendsTableCollectionViewCell.swift; sourceTree = "<group>"; };
		4638E5C226A04B0F004E26A2 /* AvatarImageView.swift */ = {isa = PBXFileReference; lastKnownFileType = sourcecode.swift; path = AvatarImageView.swift; sourceTree = "<group>"; };
		4638E5C826A1A248004E26A2 /* ColorRandomExtension.swift */ = {isa = PBXFileReference; lastKnownFileType = sourcecode.swift; path = ColorRandomExtension.swift; sourceTree = "<group>"; };
		4638E5CE26A43992004E26A2 /* LikeControl2.swift */ = {isa = PBXFileReference; lastKnownFileType = sourcecode.swift; path = LikeControl2.swift; sourceTree = "<group>"; };
		4638E5D126A5D310004E26A2 /* LettersControl.swift */ = {isa = PBXFileReference; lastKnownFileType = sourcecode.swift; path = LettersControl.swift; sourceTree = "<group>"; };
		463994E026B04A22002AAF6D /* NewsCellText.xib */ = {isa = PBXFileReference; lastKnownFileType = file.xib; path = NewsCellText.xib; sourceTree = "<group>"; };
		463994E226B04A36002AAF6D /* NewsCellText.swift */ = {isa = PBXFileReference; lastKnownFileType = sourcecode.swift; path = NewsCellText.swift; sourceTree = "<group>"; };
		463994E526B06A75002AAF6D /* NewsCellHeader2.xib */ = {isa = PBXFileReference; lastKnownFileType = file.xib; path = NewsCellHeader2.xib; sourceTree = "<group>"; };
		463994E726B06BCC002AAF6D /* NewsCellHeader.swift */ = {isa = PBXFileReference; lastKnownFileType = sourcecode.swift; path = NewsCellHeader.swift; sourceTree = "<group>"; };
		463D87A4274A618A0025922A /* AttributedStringSetup.swift */ = {isa = PBXFileReference; lastKnownFileType = sourcecode.swift; path = AttributedStringSetup.swift; sourceTree = "<group>"; };
		463DBCDF26FA2769005723AF /* VKLoginViewController.swift */ = {isa = PBXFileReference; lastKnownFileType = sourcecode.swift; path = VKLoginViewController.swift; sourceTree = "<group>"; };
		463DBCE126FB7A56005723AF /* FriendsServices.swift */ = {isa = PBXFileReference; lastKnownFileType = sourcecode.swift; path = FriendsServices.swift; sourceTree = "<group>"; };
		463DBCE526FBBE5D005723AF /* PhotoesServices.swift */ = {isa = PBXFileReference; lastKnownFileType = sourcecode.swift; path = PhotoesServices.swift; sourceTree = "<group>"; };
		463DBCE726FBC440005723AF /* GroupsServices.swift */ = {isa = PBXFileReference; lastKnownFileType = sourcecode.swift; path = GroupsServices.swift; sourceTree = "<group>"; };
		463DBCEC26FF8970005723AF /* FriendsModel.swift */ = {isa = PBXFileReference; lastKnownFileType = sourcecode.swift; path = FriendsModel.swift; sourceTree = "<group>"; };
		463DBCF127007308005723AF /* PhotoesModel.swift */ = {isa = PBXFileReference; lastKnownFileType = sourcecode.swift; path = PhotoesModel.swift; sourceTree = "<group>"; };
		463DBCF42701DDC3005723AF /* GroupsGetModel.swift */ = {isa = PBXFileReference; lastKnownFileType = sourcecode.swift; path = GroupsGetModel.swift; sourceTree = "<group>"; };
		4649E6202726A96A00703BA8 /* ProfilePhotoCollectionCell.swift */ = {isa = PBXFileReference; lastKnownFileType = sourcecode.swift; path = ProfilePhotoCollectionCell.swift; sourceTree = "<group>"; };
		4649E6222726A98300703BA8 /* ProfilePhotoTableCell.swift */ = {isa = PBXFileReference; lastKnownFileType = sourcecode.swift; path = ProfilePhotoTableCell.swift; sourceTree = "<group>"; };
		464BACE326ECDC7E000402B0 /* LoadingViewController.swift */ = {isa = PBXFileReference; lastKnownFileType = sourcecode.swift; path = LoadingViewController.swift; sourceTree = "<group>"; };
		464BACE526ED1C8E000402B0 /* GroupCellLogo.swift */ = {isa = PBXFileReference; lastKnownFileType = sourcecode.swift; path = GroupCellLogo.swift; sourceTree = "<group>"; };
		464BACE626ED1C8E000402B0 /* GroupCellLogo.xib */ = {isa = PBXFileReference; lastKnownFileType = file.xib; path = GroupCellLogo.xib; sourceTree = "<group>"; };
		464BACEE26EDEA84000402B0 /* SubscribeControl.swift */ = {isa = PBXFileReference; lastKnownFileType = sourcecode.swift; path = SubscribeControl.swift; sourceTree = "<group>"; };
		464BACF026F10213000402B0 /* RepostControl.swift */ = {isa = PBXFileReference; lastKnownFileType = sourcecode.swift; path = RepostControl.swift; sourceTree = "<group>"; };
		464BACF226F10A23000402B0 /* NotificationControl.swift */ = {isa = PBXFileReference; lastKnownFileType = sourcecode.swift; path = NotificationControl.swift; sourceTree = "<group>"; };
		464BACF426F24F29000402B0 /* DescriptionCell.swift */ = {isa = PBXFileReference; lastKnownFileType = sourcecode.swift; path = DescriptionCell.swift; sourceTree = "<group>"; };
		464BACF526F24F29000402B0 /* DescriptionCell.xib */ = {isa = PBXFileReference; lastKnownFileType = file.xib; path = DescriptionCell.xib; sourceTree = "<group>"; };
		464BACF826F25B4A000402B0 /* MoreGroupInfo.swift */ = {isa = PBXFileReference; lastKnownFileType = sourcecode.swift; path = MoreGroupInfo.swift; sourceTree = "<group>"; };
		464BACFE26F38799000402B0 /* UserSession.swift */ = {isa = PBXFileReference; lastKnownFileType = sourcecode.swift; path = UserSession.swift; sourceTree = "<group>"; };
		4654BD652711BE540070A159 /* RealmServices.swift */ = {isa = PBXFileReference; lastKnownFileType = sourcecode.swift; path = RealmServices.swift; sourceTree = "<group>"; };
		46557953272AE55000843C6B /* UsersGetModel.swift */ = {isa = PBXFileReference; lastKnownFileType = sourcecode.swift; path = UsersGetModel.swift; sourceTree = "<group>"; };
		46557955272ECC2400843C6B /* MoreInfoVC.swift */ = {isa = PBXFileReference; lastKnownFileType = sourcecode.swift; path = MoreInfoVC.swift; sourceTree = "<group>"; };
		46557958272ECF7700843C6B /* MoreInfoViewCell.swift */ = {isa = PBXFileReference; lastKnownFileType = sourcecode.swift; path = MoreInfoViewCell.swift; sourceTree = "<group>"; };
		46557959272ECF7700843C6B /* MoreInfoViewCell.xib */ = {isa = PBXFileReference; lastKnownFileType = file.xib; path = MoreInfoViewCell.xib; sourceTree = "<group>"; };
		465E093026C6B8A100B7EDB7 /* ProfileGroupVC.swift */ = {isa = PBXFileReference; lastKnownFileType = sourcecode.swift; path = ProfileGroupVC.swift; sourceTree = "<group>"; };
		465E093326C6BB7400B7EDB7 /* GroupCellHeader.xib */ = {isa = PBXFileReference; lastKnownFileType = file.xib; path = GroupCellHeader.xib; sourceTree = "<group>"; };
		465E093526C6BBDA00B7EDB7 /* GroupCellHeader.swift */ = {isa = PBXFileReference; lastKnownFileType = sourcecode.swift; path = GroupCellHeader.swift; sourceTree = "<group>"; };
		466420CC271775C3004DD73B /* ErrorsModel.swift */ = {isa = PBXFileReference; lastKnownFileType = sourcecode.swift; path = ErrorsModel.swift; sourceTree = "<group>"; };
		466420CE2717788F004DD73B /* ServerCodeResponseModel.swift */ = {isa = PBXFileReference; lastKnownFileType = sourcecode.swift; path = ServerCodeResponseModel.swift; sourceTree = "<group>"; };
		466420D3271783D3004DD73B /* WallServices.swift */ = {isa = PBXFileReference; lastKnownFileType = sourcecode.swift; path = WallServices.swift; sourceTree = "<group>"; };
		466420D527178EBD004DD73B /* WallGetModel.swift */ = {isa = PBXFileReference; lastKnownFileType = sourcecode.swift; path = WallGetModel.swift; sourceTree = "<group>"; };
		466420DA27185E28004DD73B /* ProfileVC.swift */ = {isa = PBXFileReference; lastKnownFileType = sourcecode.swift; path = ProfileVC.swift; sourceTree = "<group>"; };
		466420DD27185EEB004DD73B /* HeaderProfileCell.swift */ = {isa = PBXFileReference; lastKnownFileType = sourcecode.swift; path = HeaderProfileCell.swift; sourceTree = "<group>"; };
		466420DE27185EEB004DD73B /* HeaderProfileCell.xib */ = {isa = PBXFileReference; lastKnownFileType = file.xib; path = HeaderProfileCell.xib; sourceTree = "<group>"; };
		466420E1271872FB004DD73B /* AccountModel.swift */ = {isa = PBXFileReference; lastKnownFileType = sourcecode.swift; path = AccountModel.swift; sourceTree = "<group>"; };
		466420E427187E59004DD73B /* AccountServices.swift */ = {isa = PBXFileReference; lastKnownFileType = sourcecode.swift; path = AccountServices.swift; sourceTree = "<group>"; };
		466A12CB27061D81007155E7 /* GroupsSearchModel.swift */ = {isa = PBXFileReference; lastKnownFileType = sourcecode.swift; path = GroupsSearchModel.swift; sourceTree = "<group>"; };
		466A12D727074AF3007155E7 /* UsersServices.swift */ = {isa = PBXFileReference; lastKnownFileType = sourcecode.swift; path = UsersServices.swift; sourceTree = "<group>"; };
		466A12D92707510F007155E7 /* UsersSearchModel.swift */ = {isa = PBXFileReference; lastKnownFileType = sourcecode.swift; path = UsersSearchModel.swift; sourceTree = "<group>"; };
		466D880C27202C59005C7626 /* DefaultAlert.swift */ = {isa = PBXFileReference; lastKnownFileType = sourcecode.swift; path = DefaultAlert.swift; sourceTree = "<group>"; };
		467165B926B449FD001C9E8D /* PhotoesFriendCastomLayout.swift */ = {isa = PBXFileReference; lastKnownFileType = sourcecode.swift; path = PhotoesFriendCastomLayout.swift; sourceTree = "<group>"; };
		467165BC26B573E4001C9E8D /* BigPhotoViewController.swift */ = {isa = PBXFileReference; lastKnownFileType = sourcecode.swift; path = BigPhotoViewController.swift; sourceTree = "<group>"; };
		467165BE26B76E00001C9E8D /* BigPhotoView.swift */ = {isa = PBXFileReference; lastKnownFileType = sourcecode.swift; path = BigPhotoView.swift; sourceTree = "<group>"; };
		467165D526BBF0C6001C9E8D /* AvatarUIView.swift */ = {isa = PBXFileReference; lastKnownFileType = sourcecode.swift; path = AvatarUIView.swift; sourceTree = "<group>"; };
		467165D726BEAA3D001C9E8D /* NewsCellFooter.xib */ = {isa = PBXFileReference; lastKnownFileType = file.xib; path = NewsCellFooter.xib; sourceTree = "<group>"; };
		467165D926BEAACF001C9E8D /* NewsCellFooter.swift */ = {isa = PBXFileReference; lastKnownFileType = sourcecode.swift; path = NewsCellFooter.swift; sourceTree = "<group>"; };
		467165FF26BFEE75001C9E8D /* BigImageNewsVC.swift */ = {isa = PBXFileReference; lastKnownFileType = sourcecode.swift; path = BigImageNewsVC.swift; sourceTree = "<group>"; };
		46751C3E26B1B4D800762EC5 /* MessagesController.swift */ = {isa = PBXFileReference; lastKnownFileType = sourcecode.swift; path = MessagesController.swift; sourceTree = "<group>"; };
		469BA92D27346BE200E4B898 /* AsyncOperation.swift */ = {isa = PBXFileReference; lastKnownFileType = sourcecode.swift; path = AsyncOperation.swift; sourceTree = "<group>"; };
		469F57A5269089F200F3A697 /* VK_application.app */ = {isa = PBXFileReference; explicitFileType = wrapper.application; includeInIndex = 0; path = VK_application.app; sourceTree = BUILT_PRODUCTS_DIR; };
		469F57A8269089F200F3A697 /* AppDelegate.swift */ = {isa = PBXFileReference; lastKnownFileType = sourcecode.swift; path = AppDelegate.swift; sourceTree = "<group>"; };
		469F57AA269089F200F3A697 /* SceneDelegate.swift */ = {isa = PBXFileReference; lastKnownFileType = sourcecode.swift; path = SceneDelegate.swift; sourceTree = "<group>"; };
		469F57AF269089F200F3A697 /* Base */ = {isa = PBXFileReference; lastKnownFileType = file.storyboard; name = Base; path = Base.lproj/Main.storyboard; sourceTree = "<group>"; };
		469F57B1269089F200F3A697 /* Assets.xcassets */ = {isa = PBXFileReference; lastKnownFileType = folder.assetcatalog; path = Assets.xcassets; sourceTree = "<group>"; };
		469F57B4269089F200F3A697 /* Base */ = {isa = PBXFileReference; lastKnownFileType = file.storyboard; name = Base; path = Base.lproj/LaunchScreen.storyboard; sourceTree = "<group>"; };
		469F57B6269089F200F3A697 /* Info.plist */ = {isa = PBXFileReference; lastKnownFileType = text.plist.xml; path = Info.plist; sourceTree = "<group>"; };
		46EB456D26A83DF800183E66 /* AddFriendsViewHeader.swift */ = {isa = PBXFileReference; lastKnownFileType = sourcecode.swift; path = AddFriendsViewHeader.swift; sourceTree = "<group>"; };
		46EB457026A8533400183E66 /* AddFriendCell.xib */ = {isa = PBXFileReference; lastKnownFileType = file.xib; path = AddFriendCell.xib; sourceTree = "<group>"; };
		46EB457426AAD21100183E66 /* NewsCellPhoto.xib */ = {isa = PBXFileReference; lastKnownFileType = file.xib; path = NewsCellPhoto.xib; sourceTree = "<group>"; };
		46EB457626AAD9AA00183E66 /* NewsCellPhoto.swift */ = {isa = PBXFileReference; lastKnownFileType = sourcecode.swift; path = NewsCellPhoto.swift; sourceTree = "<group>"; };
		46EB457826AADA6700183E66 /* NewsVC.swift */ = {isa = PBXFileReference; lastKnownFileType = sourcecode.swift; path = NewsVC.swift; sourceTree = "<group>"; };
		46EB458826AEE3F500183E66 /* RepostControl2.swift */ = {isa = PBXFileReference; lastKnownFileType = sourcecode.swift; path = RepostControl2.swift; sourceTree = "<group>"; };
		46EB458A26AEE7F200183E66 /* CommentControl2.swift */ = {isa = PBXFileReference; lastKnownFileType = sourcecode.swift; path = CommentControl2.swift; sourceTree = "<group>"; };
		46EB458C26AEEB1F00183E66 /* ViewsControl.swift */ = {isa = PBXFileReference; lastKnownFileType = sourcecode.swift; path = ViewsControl.swift; sourceTree = "<group>"; };
		46F87AD52728554800BCB96E /* NewsFeedModel.swift */ = {isa = PBXFileReference; lastKnownFileType = sourcecode.swift; path = NewsFeedModel.swift; sourceTree = "<group>"; };
		46F87AD827285CF400BCB96E /* NewsFeedServices.swift */ = {isa = PBXFileReference; lastKnownFileType = sourcecode.swift; path = NewsFeedServices.swift; sourceTree = "<group>"; };
		46F87ADA2728C53D00BCB96E /* DateFormatterRU.swift */ = {isa = PBXFileReference; lastKnownFileType = sourcecode.swift; path = DateFormatterRU.swift; sourceTree = "<group>"; };
		885A5E602B0D2E7C813C8974 /* Pods_VK_application.framework */ = {isa = PBXFileReference; explicitFileType = wrapper.framework; includeInIndex = 0; path = Pods_VK_application.framework; sourceTree = BUILT_PRODUCTS_DIR; };
		C2625659F19F2CB4272EC149 /* Pods-VK_application.release.xcconfig */ = {isa = PBXFileReference; includeInIndex = 1; lastKnownFileType = text.xcconfig; name = "Pods-VK_application.release.xcconfig"; path = "Target Support Files/Pods-VK_application/Pods-VK_application.release.xcconfig"; sourceTree = "<group>"; };
		C3E23CD0BD6C1E8CBBA91867 /* Pods-VK_application.debug.xcconfig */ = {isa = PBXFileReference; includeInIndex = 1; lastKnownFileType = text.xcconfig; name = "Pods-VK_application.debug.xcconfig"; path = "Target Support Files/Pods-VK_application/Pods-VK_application.debug.xcconfig"; sourceTree = "<group>"; };
/* End PBXFileReference section */

/* Begin PBXFrameworksBuildPhase section */
		461603B52737C0AD007D14B8 /* Frameworks */ = {
			isa = PBXFrameworksBuildPhase;
			buildActionMask = 2147483647;
			files = (
			);
			runOnlyForDeploymentPostprocessing = 0;
		};
		469F57A2269089F200F3A697 /* Frameworks */ = {
			isa = PBXFrameworksBuildPhase;
			buildActionMask = 2147483647;
			files = (
				F4EFB77F73E4F5A4FEE4818C /* Pods_VK_application.framework in Frameworks */,
			);
			runOnlyForDeploymentPostprocessing = 0;
		};
/* End PBXFrameworksBuildPhase section */

/* Begin PBXGroup section */
		460E714E2699954900261821 /* Friends */ = {
			isa = PBXGroup;
			children = (
				460E714F2699955700261821 /* MyFriends */,
				460E71622699E88900261821 /* AddFriends */,
			);
			path = Friends;
			sourceTree = "<group>";
		};
		460E714F2699955700261821 /* MyFriends */ = {
			isa = PBXGroup;
			children = (
				460E71512699966700261821 /* MyFriendsVC.swift */,
				460E715B2699C8E000261821 /* FriendsTableViewCell.swift */,
			);
			path = MyFriends;
			sourceTree = "<group>";
		};
		460E71502699956700261821 /* Photoes */ = {
			isa = PBXGroup;
			children = (
				467165BB26B573AF001C9E8D /* BigPhoto */,
				460E7165269B0D3F00261821 /* PhotoesFriendVC.swift */,
				460E7167269B148E00261821 /* PhotoCollectionViewCell.swift */,
				467165B926B449FD001C9E8D /* PhotoesFriendCastomLayout.swift */,
			);
			path = Photoes;
			sourceTree = "<group>";
		};
		460E71532699B25400261821 /* Models */ = {
			isa = PBXGroup;
			children = (
				466420CB271775A9004DD73B /* Errors */,
				466A12D92707510F007155E7 /* UsersSearchModel.swift */,
				46557953272AE55000843C6B /* UsersGetModel.swift */,
				466A12CB27061D81007155E7 /* GroupsSearchModel.swift */,
				463DBCF42701DDC3005723AF /* GroupsGetModel.swift */,
				463DBCF127007308005723AF /* PhotoesModel.swift */,
				463DBCEC26FF8970005723AF /* FriendsModel.swift */,
				466420CE2717788F004DD73B /* ServerCodeResponseModel.swift */,
				466420D527178EBD004DD73B /* WallGetModel.swift */,
				466420E1271872FB004DD73B /* AccountModel.swift */,
				46F87AD52728554800BCB96E /* NewsFeedModel.swift */,
			);
			path = Models;
			sourceTree = "<group>";
		};
		460E71582699B50100261821 /* Repository */ = {
			isa = PBXGroup;
			children = (
				464BACFE26F38799000402B0 /* UserSession.swift */,
			);
			path = Repository;
			sourceTree = "<group>";
		};
		460E715F2699E5CA00261821 /* Groups */ = {
			isa = PBXGroup;
			children = (
				4671660426C04E47001C9E8D /* ProfileGroup */,
				460E71602699E5F000261821 /* UserGroups */,
				460E71612699E60000261821 /* AddGroup */,
			);
			path = Groups;
			sourceTree = "<group>";
		};
		460E71602699E5F000261821 /* UserGroups */ = {
			isa = PBXGroup;
			children = (
				460E7170269DFAF800261821 /* UserGroupsViewController.swift */,
				460E7176269E01C100261821 /* UserGroupTableViewCell.swift */,
			);
			path = UserGroups;
			sourceTree = "<group>";
		};
		460E71612699E60000261821 /* AddGroup */ = {
			isa = PBXGroup;
			children = (
				460E7172269DFD2100261821 /* AddGroupViewController.swift */,
				460E7174269DFDCC00261821 /* AddGroupCell.swift */,
			);
			path = AddGroup;
			sourceTree = "<group>";
		};
		460E71622699E88900261821 /* AddFriends */ = {
			isa = PBXGroup;
			children = (
				46EB456F26A852FB00183E66 /* Cell */,
				460E71632699E8BE00261821 /* AddFriendsViewController.swift */,
			);
			path = AddFriends;
			sourceTree = "<group>";
		};
		461603B92737C0AD007D14B8 /* VK_applicationTests */ = {
			isa = PBXGroup;
			children = (
				461603BA2737C0AD007D14B8 /* VK_applicationTests.swift */,
			);
			path = VK_applicationTests;
			sourceTree = "<group>";
		};
		462444F427259F8D00576DD8 /* FriendsCell */ = {
			isa = PBXGroup;
			children = (
				462444F72725B9F500576DD8 /* FriendsCollectionTableViewCell.swift */,
				462444F92725BA0700576DD8 /* FriendsTableCollectionViewCell.swift */,
			);
			path = FriendsCell;
			sourceTree = "<group>";
		};
		4638E5C426A07BEE004E26A2 /* Castom */ = {
			isa = PBXGroup;
			children = (
				4638E5CB26A1E0DC004E26A2 /* View */,
				4638E5CA26A1E0D1004E26A2 /* Control */,
			);
			path = Castom;
			sourceTree = "<group>";
		};
		4638E5C626A1A1E5004E26A2 /* Librarys */ = {
			isa = PBXGroup;
			children = (
				466D880C27202C59005C7626 /* DefaultAlert.swift */,
				46F87ADA2728C53D00BCB96E /* DateFormatterRU.swift */,
				463D87A4274A618A0025922A /* AttributedStringSetup.swift */,
				4638E5C726A1A223004E26A2 /* Extension */,
			);
			path = Librarys;
			sourceTree = "<group>";
		};
		4638E5C726A1A223004E26A2 /* Extension */ = {
			isa = PBXGroup;
			children = (
				4638E5C826A1A248004E26A2 /* ColorRandomExtension.swift */,
			);
			path = Extension;
			sourceTree = "<group>";
		};
		4638E5CA26A1E0D1004E26A2 /* Control */ = {
			isa = PBXGroup;
			children = (
				464BACED26EDEA5C000402B0 /* GroupControl */,
				46EB458E26AEEB2800183E66 /* NewsFeed */,
				4638E5CE26A43992004E26A2 /* LikeControl2.swift */,
				4638E5D126A5D310004E26A2 /* LettersControl.swift */,
			);
			path = Control;
			sourceTree = "<group>";
		};
		4638E5CB26A1E0DC004E26A2 /* View */ = {
			isa = PBXGroup;
			children = (
				4638E5C226A04B0F004E26A2 /* AvatarImageView.swift */,
				467165D526BBF0C6001C9E8D /* AvatarUIView.swift */,
			);
			path = View;
			sourceTree = "<group>";
		};
		463994E426B04A3A002AAF6D /* Cell */ = {
			isa = PBXGroup;
			children = (
				4671660326C01E39001C9E8D /* xib */,
				463994E726B06BCC002AAF6D /* NewsCellHeader.swift */,
				463994E226B04A36002AAF6D /* NewsCellText.swift */,
				46EB457626AAD9AA00183E66 /* NewsCellPhoto.swift */,
				467165D926BEAACF001C9E8D /* NewsCellFooter.swift */,
			);
			path = Cell;
			sourceTree = "<group>";
		};
		463DBCE426FBBBC2005723AF /* Services */ = {
			isa = PBXGroup;
			children = (
				46F87AD727285CD700BCB96E /* NewsFeed */,
				466420E327187E46004DD73B /* Account */,
				466420D227178398004DD73B /* Wall */,
				4654BD642711BDF10070A159 /* Realm */,
				466A12D627074ADE007155E7 /* Users */,
				463DBCF32701D9A8005723AF /* Groups */,
				463DBCF0270072D2005723AF /* Photoes */,
				463DBCEB26FF8956005723AF /* Friends */,
			);
			path = Services;
			sourceTree = "<group>";
		};
		463DBCEB26FF8956005723AF /* Friends */ = {
			isa = PBXGroup;
			children = (
				463DBCE126FB7A56005723AF /* FriendsServices.swift */,
			);
			path = Friends;
			sourceTree = "<group>";
		};
		463DBCF0270072D2005723AF /* Photoes */ = {
			isa = PBXGroup;
			children = (
				463DBCE526FBBE5D005723AF /* PhotoesServices.swift */,
			);
			path = Photoes;
			sourceTree = "<group>";
		};
		463DBCF32701D9A8005723AF /* Groups */ = {
			isa = PBXGroup;
			children = (
				463DBCE726FBC440005723AF /* GroupsServices.swift */,
			);
			path = Groups;
			sourceTree = "<group>";
		};
		4649E61F2726A8DA00703BA8 /* PhotoCell */ = {
			isa = PBXGroup;
			children = (
				4649E6222726A98300703BA8 /* ProfilePhotoTableCell.swift */,
				4649E6202726A96A00703BA8 /* ProfilePhotoCollectionCell.swift */,
			);
			path = PhotoCell;
			sourceTree = "<group>";
		};
		4649E6242726CF2100703BA8 /* HeaderCell */ = {
			isa = PBXGroup;
			children = (
				466420DD27185EEB004DD73B /* HeaderProfileCell.swift */,
				466420DE27185EEB004DD73B /* HeaderProfileCell.xib */,
			);
			path = HeaderCell;
			sourceTree = "<group>";
		};
		464BACED26EDEA5C000402B0 /* GroupControl */ = {
			isa = PBXGroup;
			children = (
				464BACEE26EDEA84000402B0 /* SubscribeControl.swift */,
				464BACF026F10213000402B0 /* RepostControl.swift */,
				464BACF226F10A23000402B0 /* NotificationControl.swift */,
			);
			path = GroupControl;
			sourceTree = "<group>";
		};
		4654BD642711BDF10070A159 /* Realm */ = {
			isa = PBXGroup;
			children = (
				4654BD652711BE540070A159 /* RealmServices.swift */,
			);
			path = Realm;
			sourceTree = "<group>";
		};
		46557957272ECF5400843C6B /* MoreInfoCell */ = {
			isa = PBXGroup;
			children = (
				46557958272ECF7700843C6B /* MoreInfoViewCell.swift */,
				46557959272ECF7700843C6B /* MoreInfoViewCell.xib */,
			);
			path = MoreInfoCell;
			sourceTree = "<group>";
		};
		465E093226C6BB5600B7EDB7 /* Cell */ = {
			isa = PBXGroup;
			children = (
				465E093526C6BBDA00B7EDB7 /* GroupCellHeader.swift */,
				465E093326C6BB7400B7EDB7 /* GroupCellHeader.xib */,
				464BACE526ED1C8E000402B0 /* GroupCellLogo.swift */,
				464BACE626ED1C8E000402B0 /* GroupCellLogo.xib */,
				464BACF426F24F29000402B0 /* DescriptionCell.swift */,
				464BACF526F24F29000402B0 /* DescriptionCell.xib */,
			);
			path = Cell;
			sourceTree = "<group>";
		};
		466420CB271775A9004DD73B /* Errors */ = {
			isa = PBXGroup;
			children = (
				466420CC271775C3004DD73B /* ErrorsModel.swift */,
			);
			path = Errors;
			sourceTree = "<group>";
		};
		466420D227178398004DD73B /* Wall */ = {
			isa = PBXGroup;
			children = (
				466420D3271783D3004DD73B /* WallServices.swift */,
			);
			path = Wall;
			sourceTree = "<group>";
		};
		466420D927185E10004DD73B /* Profile */ = {
			isa = PBXGroup;
			children = (
				466420DC27185E3A004DD73B /* Cell */,
				466420DA27185E28004DD73B /* ProfileVC.swift */,
				46557955272ECC2400843C6B /* MoreInfoVC.swift */,
			);
			path = Profile;
			sourceTree = "<group>";
		};
		466420DC27185E3A004DD73B /* Cell */ = {
			isa = PBXGroup;
			children = (
				46557957272ECF5400843C6B /* MoreInfoCell */,
				4649E6242726CF2100703BA8 /* HeaderCell */,
				462444F427259F8D00576DD8 /* FriendsCell */,
				4649E61F2726A8DA00703BA8 /* PhotoCell */,
			);
			path = Cell;
			sourceTree = "<group>";
		};
		466420E327187E46004DD73B /* Account */ = {
			isa = PBXGroup;
			children = (
				466420E427187E59004DD73B /* AccountServices.swift */,
			);
			path = Account;
			sourceTree = "<group>";
		};
		466A12D627074ADE007155E7 /* Users */ = {
			isa = PBXGroup;
			children = (
				466A12D727074AF3007155E7 /* UsersServices.swift */,
			);
			path = Users;
			sourceTree = "<group>";
		};
		467165BB26B573AF001C9E8D /* BigPhoto */ = {
			isa = PBXGroup;
			children = (
				467165BC26B573E4001C9E8D /* BigPhotoViewController.swift */,
				467165BE26B76E00001C9E8D /* BigPhotoView.swift */,
			);
			path = BigPhoto;
			sourceTree = "<group>";
		};
		4671660326C01E39001C9E8D /* xib */ = {
			isa = PBXGroup;
			children = (
				463994E526B06A75002AAF6D /* NewsCellHeader2.xib */,
				463994E026B04A22002AAF6D /* NewsCellText.xib */,
				46EB457426AAD21100183E66 /* NewsCellPhoto.xib */,
				467165D726BEAA3D001C9E8D /* NewsCellFooter.xib */,
			);
			path = xib;
			sourceTree = "<group>";
		};
		4671660426C04E47001C9E8D /* ProfileGroup */ = {
			isa = PBXGroup;
			children = (
				465E093226C6BB5600B7EDB7 /* Cell */,
				465E093026C6B8A100B7EDB7 /* ProfileGroupVC.swift */,
				464BACF826F25B4A000402B0 /* MoreGroupInfo.swift */,
			);
			path = ProfileGroup;
			sourceTree = "<group>";
		};
		46928FBD2690A4180031E16F /* AppDelegate */ = {
			isa = PBXGroup;
			children = (
				469F57A8269089F200F3A697 /* AppDelegate.swift */,
				469F57AA269089F200F3A697 /* SceneDelegate.swift */,
			);
			path = AppDelegate;
			sourceTree = "<group>";
		};
		46928FBE2690A4450031E16F /* Resourses */ = {
			isa = PBXGroup;
			children = (
				469F57B1269089F200F3A697 /* Assets.xcassets */,
				469F57B3269089F200F3A697 /* LaunchScreen.storyboard */,
			);
			path = Resourses;
			sourceTree = "<group>";
		};
		46928FBF2690A45C0031E16F /* Configuration */ = {
			isa = PBXGroup;
			children = (
				469F57B6269089F200F3A697 /* Info.plist */,
			);
			path = Configuration;
			sourceTree = "<group>";
		};
		46928FC12690A4AA0031E16F /* Presentation */ = {
			isa = PBXGroup;
			children = (
				466420D927185E10004DD73B /* Profile */,
				46EB457326AAD1BC00183E66 /* Messages */,
				460E71502699956700261821 /* Photoes */,
				46EB457226AAD1B000183E66 /* News */,
				460E715F2699E5CA00261821 /* Groups */,
				460E714E2699954900261821 /* Friends */,
				46928FC22690A4B80031E16F /* Login */,
			);
			path = Presentation;
			sourceTree = "<group>";
		};
		46928FC22690A4B80031E16F /* Login */ = {
			isa = PBXGroup;
			children = (
				464BACE326ECDC7E000402B0 /* LoadingViewController.swift */,
				463DBCDF26FA2769005723AF /* VKLoginViewController.swift */,
			);
			path = Login;
			sourceTree = "<group>";
		};
		469BA92C27346BCB00E4B898 /* Operation */ = {
			isa = PBXGroup;
			children = (
				469BA92D27346BE200E4B898 /* AsyncOperation.swift */,
				461603AC2735B02B007D14B8 /* GetDataOperation.swift */,
				461603AE2735B126007D14B8 /* DataParseOperation.swift */,
				461603B02735B2D9007D14B8 /* WriteRealmOperation.swift */,
			);
			path = Operation;
			sourceTree = "<group>";
		};
		469F579C269089F200F3A697 = {
			isa = PBXGroup;
			children = (
				469F57A7269089F200F3A697 /* VK_application */,
				461603B92737C0AD007D14B8 /* VK_applicationTests */,
				469F57A6269089F200F3A697 /* Products */,
				7F28EB8C49F62053A6ECA2D8 /* Pods */,
				FA47F537D7FCDD1A705E759E /* Frameworks */,
			);
			sourceTree = "<group>";
		};
		469F57A6269089F200F3A697 /* Products */ = {
			isa = PBXGroup;
			children = (
				469F57A5269089F200F3A697 /* VK_application.app */,
				461603B82737C0AD007D14B8 /* VK_applicationTests.xctest */,
			);
			name = Products;
			sourceTree = "<group>";
		};
		469F57A7269089F200F3A697 /* VK_application */ = {
			isa = PBXGroup;
			children = (
				469F57AE269089F200F3A697 /* Main.storyboard */,
				469BA92C27346BCB00E4B898 /* Operation */,
				463DBCE426FBBBC2005723AF /* Services */,
				4638E5C626A1A1E5004E26A2 /* Librarys */,
				4638E5C426A07BEE004E26A2 /* Castom */,
				460E71582699B50100261821 /* Repository */,
				460E71532699B25400261821 /* Models */,
				46928FC12690A4AA0031E16F /* Presentation */,
				46928FBE2690A4450031E16F /* Resourses */,
				46928FBD2690A4180031E16F /* AppDelegate */,
				46928FBF2690A45C0031E16F /* Configuration */,
			);
			path = VK_application;
			sourceTree = "<group>";
		};
		46EB456F26A852FB00183E66 /* Cell */ = {
			isa = PBXGroup;
			children = (
				46EB456D26A83DF800183E66 /* AddFriendsViewHeader.swift */,
				460E716E269DF8F800261821 /* AddFriendCell.swift */,
				46EB457026A8533400183E66 /* AddFriendCell.xib */,
			);
			path = Cell;
			sourceTree = "<group>";
		};
		46EB457226AAD1B000183E66 /* News */ = {
			isa = PBXGroup;
			children = (
				463994E426B04A3A002AAF6D /* Cell */,
				46EB457826AADA6700183E66 /* NewsVC.swift */,
				467165FF26BFEE75001C9E8D /* BigImageNewsVC.swift */,
			);
			path = News;
			sourceTree = "<group>";
		};
		46EB457326AAD1BC00183E66 /* Messages */ = {
			isa = PBXGroup;
			children = (
				46751C3E26B1B4D800762EC5 /* MessagesController.swift */,
			);
			path = Messages;
			sourceTree = "<group>";
		};
		46EB458E26AEEB2800183E66 /* NewsFeed */ = {
			isa = PBXGroup;
			children = (
				46EB458826AEE3F500183E66 /* RepostControl2.swift */,
				46EB458A26AEE7F200183E66 /* CommentControl2.swift */,
				46EB458C26AEEB1F00183E66 /* ViewsControl.swift */,
			);
			path = NewsFeed;
			sourceTree = "<group>";
		};
		46F87AD727285CD700BCB96E /* NewsFeed */ = {
			isa = PBXGroup;
			children = (
				46F87AD827285CF400BCB96E /* NewsFeedServices.swift */,
			);
			path = NewsFeed;
			sourceTree = "<group>";
		};
		7F28EB8C49F62053A6ECA2D8 /* Pods */ = {
			isa = PBXGroup;
			children = (
				C3E23CD0BD6C1E8CBBA91867 /* Pods-VK_application.debug.xcconfig */,
				C2625659F19F2CB4272EC149 /* Pods-VK_application.release.xcconfig */,
			);
			path = Pods;
			sourceTree = "<group>";
		};
		FA47F537D7FCDD1A705E759E /* Frameworks */ = {
			isa = PBXGroup;
			children = (
				885A5E602B0D2E7C813C8974 /* Pods_VK_application.framework */,
			);
			name = Frameworks;
			sourceTree = "<group>";
		};
/* End PBXGroup section */

/* Begin PBXNativeTarget section */
		461603B72737C0AD007D14B8 /* VK_applicationTests */ = {
			isa = PBXNativeTarget;
			buildConfigurationList = 461603BE2737C0AD007D14B8 /* Build configuration list for PBXNativeTarget "VK_applicationTests" */;
			buildPhases = (
				461603B42737C0AD007D14B8 /* Sources */,
				461603B52737C0AD007D14B8 /* Frameworks */,
				461603B62737C0AD007D14B8 /* Resources */,
			);
			buildRules = (
			);
			dependencies = (
				461603BD2737C0AD007D14B8 /* PBXTargetDependency */,
			);
			name = VK_applicationTests;
			productName = VK_applicationTests;
			productReference = 461603B82737C0AD007D14B8 /* VK_applicationTests.xctest */;
			productType = "com.apple.product-type.bundle.unit-test";
		};
		469F57A4269089F200F3A697 /* VK_application */ = {
			isa = PBXNativeTarget;
			buildConfigurationList = 469F57B9269089F200F3A697 /* Build configuration list for PBXNativeTarget "VK_application" */;
			buildPhases = (
				516DA309341BA3CD40804799 /* [CP] Check Pods Manifest.lock */,
				46A8923D27299DDD0099EE41 /* ShellScript */,
				469F57A1269089F200F3A697 /* Sources */,
				469F57A2269089F200F3A697 /* Frameworks */,
				469F57A3269089F200F3A697 /* Resources */,
				512E9C94C4E671DBD3160ACD /* [CP] Embed Pods Frameworks */,
			);
			buildRules = (
			);
			dependencies = (
			);
			name = VK_application;
			productName = VK_application;
			productReference = 469F57A5269089F200F3A697 /* VK_application.app */;
			productType = "com.apple.product-type.application";
		};
/* End PBXNativeTarget section */

/* Begin PBXProject section */
		469F579D269089F200F3A697 /* Project object */ = {
			isa = PBXProject;
			attributes = {
				LastSwiftUpdateCheck = 1300;
				LastUpgradeCheck = 1250;
				TargetAttributes = {
					461603B72737C0AD007D14B8 = {
						CreatedOnToolsVersion = 13.0;
						TestTargetID = 469F57A4269089F200F3A697;
					};
					469F57A4269089F200F3A697 = {
						CreatedOnToolsVersion = 12.5.1;
					};
				};
			};
			buildConfigurationList = 469F57A0269089F200F3A697 /* Build configuration list for PBXProject "VK_application" */;
			compatibilityVersion = "Xcode 9.3";
			developmentRegion = en;
			hasScannedForEncodings = 0;
			knownRegions = (
				en,
				Base,
			);
			mainGroup = 469F579C269089F200F3A697;
			productRefGroup = 469F57A6269089F200F3A697 /* Products */;
			projectDirPath = "";
			projectRoot = "";
			targets = (
				469F57A4269089F200F3A697 /* VK_application */,
				461603B72737C0AD007D14B8 /* VK_applicationTests */,
			);
		};
/* End PBXProject section */

/* Begin PBXResourcesBuildPhase section */
		461603B62737C0AD007D14B8 /* Resources */ = {
			isa = PBXResourcesBuildPhase;
			buildActionMask = 2147483647;
			files = (
			);
			runOnlyForDeploymentPostprocessing = 0;
		};
		469F57A3269089F200F3A697 /* Resources */ = {
			isa = PBXResourcesBuildPhase;
			buildActionMask = 2147483647;
			files = (
				466420E027185EEB004DD73B /* HeaderProfileCell.xib in Resources */,
				4655795B272ECF7700843C6B /* MoreInfoViewCell.xib in Resources */,
				469F57B5269089F200F3A697 /* LaunchScreen.storyboard in Resources */,
				469F57B2269089F200F3A697 /* Assets.xcassets in Resources */,
				46EB457526AAD21100183E66 /* NewsCellPhoto.xib in Resources */,
				464BACF726F24F29000402B0 /* DescriptionCell.xib in Resources */,
				463994E626B06A75002AAF6D /* NewsCellHeader2.xib in Resources */,
				469F57B0269089F200F3A697 /* Main.storyboard in Resources */,
				46EB457126A8533400183E66 /* AddFriendCell.xib in Resources */,
				464BACE826ED1C8E000402B0 /* GroupCellLogo.xib in Resources */,
				463994E126B04A22002AAF6D /* NewsCellText.xib in Resources */,
				465E093426C6BB7400B7EDB7 /* GroupCellHeader.xib in Resources */,
				467165D826BEAA3D001C9E8D /* NewsCellFooter.xib in Resources */,
			);
			runOnlyForDeploymentPostprocessing = 0;
		};
/* End PBXResourcesBuildPhase section */

/* Begin PBXShellScriptBuildPhase section */
		46A8923D27299DDD0099EE41 /* ShellScript */ = {
			isa = PBXShellScriptBuildPhase;
			buildActionMask = 2147483647;
			files = (
			);
			inputFileListPaths = (
			);
			inputPaths = (
			);
			outputFileListPaths = (
			);
			outputPaths = (
			);
			runOnlyForDeploymentPostprocessing = 0;
			shellPath = /bin/sh;
			shellScript = "${PODS_ROOT}/SwiftLint/swiftlint\n";
		};
		512E9C94C4E671DBD3160ACD /* [CP] Embed Pods Frameworks */ = {
			isa = PBXShellScriptBuildPhase;
			buildActionMask = 2147483647;
			files = (
			);
			inputFileListPaths = (
				"${PODS_ROOT}/Target Support Files/Pods-VK_application/Pods-VK_application-frameworks-${CONFIGURATION}-input-files.xcfilelist",
			);
			name = "[CP] Embed Pods Frameworks";
			outputFileListPaths = (
				"${PODS_ROOT}/Target Support Files/Pods-VK_application/Pods-VK_application-frameworks-${CONFIGURATION}-output-files.xcfilelist",
			);
			runOnlyForDeploymentPostprocessing = 0;
			shellPath = /bin/sh;
			shellScript = "\"${PODS_ROOT}/Target Support Files/Pods-VK_application/Pods-VK_application-frameworks.sh\"\n";
			showEnvVarsInLog = 0;
		};
		516DA309341BA3CD40804799 /* [CP] Check Pods Manifest.lock */ = {
			isa = PBXShellScriptBuildPhase;
			buildActionMask = 2147483647;
			files = (
			);
			inputFileListPaths = (
			);
			inputPaths = (
				"${PODS_PODFILE_DIR_PATH}/Podfile.lock",
				"${PODS_ROOT}/Manifest.lock",
			);
			name = "[CP] Check Pods Manifest.lock";
			outputFileListPaths = (
			);
			outputPaths = (
				"$(DERIVED_FILE_DIR)/Pods-VK_application-checkManifestLockResult.txt",
			);
			runOnlyForDeploymentPostprocessing = 0;
			shellPath = /bin/sh;
			shellScript = "diff \"${PODS_PODFILE_DIR_PATH}/Podfile.lock\" \"${PODS_ROOT}/Manifest.lock\" > /dev/null\nif [ $? != 0 ] ; then\n    # print error to STDERR\n    echo \"error: The sandbox is not in sync with the Podfile.lock. Run 'pod install' or update your CocoaPods installation.\" >&2\n    exit 1\nfi\n# This output is used by Xcode 'outputs' to avoid re-running this script phase.\necho \"SUCCESS\" > \"${SCRIPT_OUTPUT_FILE_0}\"\n";
			showEnvVarsInLog = 0;
		};
/* End PBXShellScriptBuildPhase section */

/* Begin PBXSourcesBuildPhase section */
		461603B42737C0AD007D14B8 /* Sources */ = {
			isa = PBXSourcesBuildPhase;
			buildActionMask = 2147483647;
			files = (
				461603BB2737C0AD007D14B8 /* VK_applicationTests.swift in Sources */,
			);
			runOnlyForDeploymentPostprocessing = 0;
		};
		469F57A1269089F200F3A697 /* Sources */ = {
			isa = PBXSourcesBuildPhase;
			buildActionMask = 2147483647;
			files = (
				460E71522699966700261821 /* MyFriendsVC.swift in Sources */,
				463994E326B04A36002AAF6D /* NewsCellText.swift in Sources */,
				466420DF27185EEB004DD73B /* HeaderProfileCell.swift in Sources */,
				464BACE726ED1C8E000402B0 /* GroupCellLogo.swift in Sources */,
				460E7175269DFDCC00261821 /* AddGroupCell.swift in Sources */,
				463DBCE226FB7A56005723AF /* FriendsServices.swift in Sources */,
				46F87AD927285CF400BCB96E /* NewsFeedServices.swift in Sources */,
				460E715C2699C8E000261821 /* FriendsTableViewCell.swift in Sources */,
				465E093126C6B8A100B7EDB7 /* ProfileGroupVC.swift in Sources */,
				461603B12735B2D9007D14B8 /* WriteRealmOperation.swift in Sources */,
				4655795A272ECF7700843C6B /* MoreInfoViewCell.swift in Sources */,
				46EB458B26AEE7F200183E66 /* CommentControl2.swift in Sources */,
				460E7166269B0D3F00261821 /* PhotoesFriendVC.swift in Sources */,
				464BACEF26EDEA84000402B0 /* SubscribeControl.swift in Sources */,
				460E7168269B148E00261821 /* PhotoCollectionViewCell.swift in Sources */,
				466A12D827074AF3007155E7 /* UsersServices.swift in Sources */,
				460E716F269DF8F800261821 /* AddFriendCell.swift in Sources */,
				466420E2271872FB004DD73B /* AccountModel.swift in Sources */,
				465E093626C6BBDA00B7EDB7 /* GroupCellHeader.swift in Sources */,
				463DBCF227007308005723AF /* PhotoesModel.swift in Sources */,
				466D880D27202C59005C7626 /* DefaultAlert.swift in Sources */,
				469F57A9269089F200F3A697 /* AppDelegate.swift in Sources */,
				469F57AB269089F200F3A697 /* SceneDelegate.swift in Sources */,
				467165BF26B76E00001C9E8D /* BigPhotoView.swift in Sources */,
				466420E527187E59004DD73B /* AccountServices.swift in Sources */,
				4654BD662711BE540070A159 /* RealmServices.swift in Sources */,
				46F87ADB2728C53D00BCB96E /* DateFormatterRU.swift in Sources */,
				463994E826B06BCC002AAF6D /* NewsCellHeader.swift in Sources */,
				466420CD271775C3004DD73B /* ErrorsModel.swift in Sources */,
				46751C3F26B1B4D800762EC5 /* MessagesController.swift in Sources */,
				4638E5C926A1A248004E26A2 /* ColorRandomExtension.swift in Sources */,
				466420D4271783D3004DD73B /* WallServices.swift in Sources */,
				466A12DA2707510F007155E7 /* UsersSearchModel.swift in Sources */,
				466420CF2717788F004DD73B /* ServerCodeResponseModel.swift in Sources */,
				46557954272AE55000843C6B /* UsersGetModel.swift in Sources */,
				464BACE426ECDC7E000402B0 /* LoadingViewController.swift in Sources */,
				460E71642699E8BE00261821 /* AddFriendsViewController.swift in Sources */,
				463DBCE026FA276A005723AF /* VKLoginViewController.swift in Sources */,
				463D87A5274A618B0025922A /* AttributedStringSetup.swift in Sources */,
				463DBCE626FBBE5D005723AF /* PhotoesServices.swift in Sources */,
				463DBCED26FF8970005723AF /* FriendsModel.swift in Sources */,
				464BACF626F24F29000402B0 /* DescriptionCell.swift in Sources */,
				4638E5C326A04B0F004E26A2 /* AvatarImageView.swift in Sources */,
				463DBCE826FBC440005723AF /* GroupsServices.swift in Sources */,
				467165BD26B573E4001C9E8D /* BigPhotoViewController.swift in Sources */,
				46EB457926AADA6700183E66 /* NewsVC.swift in Sources */,
				4638E5D226A5D310004E26A2 /* LettersControl.swift in Sources */,
				462444F82725B9F500576DD8 /* FriendsCollectionTableViewCell.swift in Sources */,
				46EB456E26A83DF900183E66 /* AddFriendsViewHeader.swift in Sources */,
				467165DA26BEAACF001C9E8D /* NewsCellFooter.swift in Sources */,
				467165BA26B449FD001C9E8D /* PhotoesFriendCastomLayout.swift in Sources */,
				4649E6212726A96A00703BA8 /* ProfilePhotoCollectionCell.swift in Sources */,
				466420D627178EBD004DD73B /* WallGetModel.swift in Sources */,
				460E7177269E01C100261821 /* UserGroupTableViewCell.swift in Sources */,
				46557956272ECC2400843C6B /* MoreInfoVC.swift in Sources */,
				460E7171269DFAF800261821 /* UserGroupsViewController.swift in Sources */,
				46EB458926AEE3F600183E66 /* RepostControl2.swift in Sources */,
				46F87AD62728554800BCB96E /* NewsFeedModel.swift in Sources */,
				462444FA2725BA0700576DD8 /* FriendsTableCollectionViewCell.swift in Sources */,
				4649E6232726A98300703BA8 /* ProfilePhotoTableCell.swift in Sources */,
				460E7173269DFD2100261821 /* AddGroupViewController.swift in Sources */,
				46EB458D26AEEB1F00183E66 /* ViewsControl.swift in Sources */,
				463DBCF52701DDC3005723AF /* GroupsGetModel.swift in Sources */,
				464BACF926F25B4A000402B0 /* MoreGroupInfo.swift in Sources */,
				467165D626BBF0C6001C9E8D /* AvatarUIView.swift in Sources */,
				4671660026BFEE75001C9E8D /* BigImageNewsVC.swift in Sources */,
				464BACF326F10A23000402B0 /* NotificationControl.swift in Sources */,
				461603AD2735B02B007D14B8 /* GetDataOperation.swift in Sources */,
				464BACFF26F38799000402B0 /* UserSession.swift in Sources */,
				466420DB27185E28004DD73B /* ProfileVC.swift in Sources */,
				466A12CC27061D81007155E7 /* GroupsSearchModel.swift in Sources */,
				464BACF126F10213000402B0 /* RepostControl.swift in Sources */,
				46EB457726AAD9AA00183E66 /* NewsCellPhoto.swift in Sources */,
				461603AF2735B126007D14B8 /* DataParseOperation.swift in Sources */,
				469BA92E27346BE200E4B898 /* AsyncOperation.swift in Sources */,
				4638E5CF26A43994004E26A2 /* LikeControl2.swift in Sources */,
			);
			runOnlyForDeploymentPostprocessing = 0;
		};
/* End PBXSourcesBuildPhase section */

/* Begin PBXTargetDependency section */
		461603BD2737C0AD007D14B8 /* PBXTargetDependency */ = {
			isa = PBXTargetDependency;
			target = 469F57A4269089F200F3A697 /* VK_application */;
			targetProxy = 461603BC2737C0AD007D14B8 /* PBXContainerItemProxy */;
		};
/* End PBXTargetDependency section */

/* Begin PBXVariantGroup section */
		469F57AE269089F200F3A697 /* Main.storyboard */ = {
			isa = PBXVariantGroup;
			children = (
				469F57AF269089F200F3A697 /* Base */,
			);
			name = Main.storyboard;
			sourceTree = "<group>";
		};
		469F57B3269089F200F3A697 /* LaunchScreen.storyboard */ = {
			isa = PBXVariantGroup;
			children = (
				469F57B4269089F200F3A697 /* Base */,
			);
			name = LaunchScreen.storyboard;
			sourceTree = "<group>";
		};
/* End PBXVariantGroup section */

/* Begin XCBuildConfiguration section */
		461603BF2737C0AD007D14B8 /* Debug */ = {
			isa = XCBuildConfiguration;
			buildSettings = {
				BUNDLE_LOADER = "$(TEST_HOST)";
				CLANG_CXX_LANGUAGE_STANDARD = "gnu++17";
				CODE_SIGN_STYLE = Automatic;
				CURRENT_PROJECT_VERSION = 1;
				DEVELOPMENT_TEAM = 68DGCYQ83R;
				GENERATE_INFOPLIST_FILE = YES;
				IPHONEOS_DEPLOYMENT_TARGET = 14.3;
				LD_RUNPATH_SEARCH_PATHS = (
					"$(inherited)",
					"@executable_path/Frameworks",
					"@loader_path/Frameworks",
				);
				MARKETING_VERSION = 1.0;
				PRODUCT_BUNDLE_IDENTIFIER = "student.VK-applicationTests";
				PRODUCT_NAME = "$(TARGET_NAME)";
				SWIFT_EMIT_LOC_STRINGS = NO;
				SWIFT_VERSION = 5.0;
				TARGETED_DEVICE_FAMILY = "1,2";
				TEST_HOST = "$(BUILT_PRODUCTS_DIR)/VK_application.app/VK_application";
			};
			name = Debug;
		};
		461603C02737C0AD007D14B8 /* Release */ = {
			isa = XCBuildConfiguration;
			buildSettings = {
				BUNDLE_LOADER = "$(TEST_HOST)";
				CLANG_CXX_LANGUAGE_STANDARD = "gnu++17";
				CODE_SIGN_STYLE = Automatic;
				CURRENT_PROJECT_VERSION = 1;
				DEVELOPMENT_TEAM = 68DGCYQ83R;
				GENERATE_INFOPLIST_FILE = YES;
				IPHONEOS_DEPLOYMENT_TARGET = 14.3;
				LD_RUNPATH_SEARCH_PATHS = (
					"$(inherited)",
					"@executable_path/Frameworks",
					"@loader_path/Frameworks",
				);
				MARKETING_VERSION = 1.0;
				PRODUCT_BUNDLE_IDENTIFIER = "student.VK-applicationTests";
				PRODUCT_NAME = "$(TARGET_NAME)";
				SWIFT_EMIT_LOC_STRINGS = NO;
				SWIFT_VERSION = 5.0;
				TARGETED_DEVICE_FAMILY = "1,2";
				TEST_HOST = "$(BUILT_PRODUCTS_DIR)/VK_application.app/VK_application";
			};
			name = Release;
		};
		469F57B7269089F200F3A697 /* Debug */ = {
			isa = XCBuildConfiguration;
			buildSettings = {
				ALWAYS_SEARCH_USER_PATHS = NO;
				CLANG_ANALYZER_NONNULL = YES;
				CLANG_ANALYZER_NUMBER_OBJECT_CONVERSION = YES_AGGRESSIVE;
				CLANG_CXX_LANGUAGE_STANDARD = "gnu++14";
				CLANG_CXX_LIBRARY = "libc++";
				CLANG_ENABLE_MODULES = YES;
				CLANG_ENABLE_OBJC_ARC = YES;
				CLANG_ENABLE_OBJC_WEAK = YES;
				CLANG_WARN_BLOCK_CAPTURE_AUTORELEASING = YES;
				CLANG_WARN_BOOL_CONVERSION = YES;
				CLANG_WARN_COMMA = YES;
				CLANG_WARN_CONSTANT_CONVERSION = YES;
				CLANG_WARN_DEPRECATED_OBJC_IMPLEMENTATIONS = YES;
				CLANG_WARN_DIRECT_OBJC_ISA_USAGE = YES_ERROR;
				CLANG_WARN_DOCUMENTATION_COMMENTS = YES;
				CLANG_WARN_EMPTY_BODY = YES;
				CLANG_WARN_ENUM_CONVERSION = YES;
				CLANG_WARN_INFINITE_RECURSION = YES;
				CLANG_WARN_INT_CONVERSION = YES;
				CLANG_WARN_NON_LITERAL_NULL_CONVERSION = YES;
				CLANG_WARN_OBJC_IMPLICIT_RETAIN_SELF = YES;
				CLANG_WARN_OBJC_LITERAL_CONVERSION = YES;
				CLANG_WARN_OBJC_ROOT_CLASS = YES_ERROR;
				CLANG_WARN_QUOTED_INCLUDE_IN_FRAMEWORK_HEADER = YES;
				CLANG_WARN_RANGE_LOOP_ANALYSIS = YES;
				CLANG_WARN_STRICT_PROTOTYPES = YES;
				CLANG_WARN_SUSPICIOUS_MOVE = YES;
				CLANG_WARN_UNGUARDED_AVAILABILITY = YES_AGGRESSIVE;
				CLANG_WARN_UNREACHABLE_CODE = YES;
				CLANG_WARN__DUPLICATE_METHOD_MATCH = YES;
				COPY_PHASE_STRIP = NO;
				DEBUG_INFORMATION_FORMAT = dwarf;
				ENABLE_STRICT_OBJC_MSGSEND = YES;
				ENABLE_TESTABILITY = YES;
				GCC_C_LANGUAGE_STANDARD = gnu11;
				GCC_DYNAMIC_NO_PIC = NO;
				GCC_NO_COMMON_BLOCKS = YES;
				GCC_OPTIMIZATION_LEVEL = 0;
				GCC_PREPROCESSOR_DEFINITIONS = (
					"DEBUG=1",
					"$(inherited)",
				);
				GCC_WARN_64_TO_32_BIT_CONVERSION = YES;
				GCC_WARN_ABOUT_RETURN_TYPE = YES_ERROR;
				GCC_WARN_UNDECLARED_SELECTOR = YES;
				GCC_WARN_UNINITIALIZED_AUTOS = YES_AGGRESSIVE;
				GCC_WARN_UNUSED_FUNCTION = YES;
				GCC_WARN_UNUSED_VARIABLE = YES;
				IPHONEOS_DEPLOYMENT_TARGET = 14.5;
				MTL_ENABLE_DEBUG_INFO = INCLUDE_SOURCE;
				MTL_FAST_MATH = YES;
				ONLY_ACTIVE_ARCH = YES;
				SDKROOT = iphoneos;
				SWIFT_ACTIVE_COMPILATION_CONDITIONS = DEBUG;
				SWIFT_OPTIMIZATION_LEVEL = "-Onone";
			};
			name = Debug;
		};
		469F57B8269089F200F3A697 /* Release */ = {
			isa = XCBuildConfiguration;
			buildSettings = {
				ALWAYS_SEARCH_USER_PATHS = NO;
				CLANG_ANALYZER_NONNULL = YES;
				CLANG_ANALYZER_NUMBER_OBJECT_CONVERSION = YES_AGGRESSIVE;
				CLANG_CXX_LANGUAGE_STANDARD = "gnu++14";
				CLANG_CXX_LIBRARY = "libc++";
				CLANG_ENABLE_MODULES = YES;
				CLANG_ENABLE_OBJC_ARC = YES;
				CLANG_ENABLE_OBJC_WEAK = YES;
				CLANG_WARN_BLOCK_CAPTURE_AUTORELEASING = YES;
				CLANG_WARN_BOOL_CONVERSION = YES;
				CLANG_WARN_COMMA = YES;
				CLANG_WARN_CONSTANT_CONVERSION = YES;
				CLANG_WARN_DEPRECATED_OBJC_IMPLEMENTATIONS = YES;
				CLANG_WARN_DIRECT_OBJC_ISA_USAGE = YES_ERROR;
				CLANG_WARN_DOCUMENTATION_COMMENTS = YES;
				CLANG_WARN_EMPTY_BODY = YES;
				CLANG_WARN_ENUM_CONVERSION = YES;
				CLANG_WARN_INFINITE_RECURSION = YES;
				CLANG_WARN_INT_CONVERSION = YES;
				CLANG_WARN_NON_LITERAL_NULL_CONVERSION = YES;
				CLANG_WARN_OBJC_IMPLICIT_RETAIN_SELF = YES;
				CLANG_WARN_OBJC_LITERAL_CONVERSION = YES;
				CLANG_WARN_OBJC_ROOT_CLASS = YES_ERROR;
				CLANG_WARN_QUOTED_INCLUDE_IN_FRAMEWORK_HEADER = YES;
				CLANG_WARN_RANGE_LOOP_ANALYSIS = YES;
				CLANG_WARN_STRICT_PROTOTYPES = YES;
				CLANG_WARN_SUSPICIOUS_MOVE = YES;
				CLANG_WARN_UNGUARDED_AVAILABILITY = YES_AGGRESSIVE;
				CLANG_WARN_UNREACHABLE_CODE = YES;
				CLANG_WARN__DUPLICATE_METHOD_MATCH = YES;
				COPY_PHASE_STRIP = NO;
				DEBUG_INFORMATION_FORMAT = "dwarf-with-dsym";
				ENABLE_NS_ASSERTIONS = NO;
				ENABLE_STRICT_OBJC_MSGSEND = YES;
				GCC_C_LANGUAGE_STANDARD = gnu11;
				GCC_NO_COMMON_BLOCKS = YES;
				GCC_WARN_64_TO_32_BIT_CONVERSION = YES;
				GCC_WARN_ABOUT_RETURN_TYPE = YES_ERROR;
				GCC_WARN_UNDECLARED_SELECTOR = YES;
				GCC_WARN_UNINITIALIZED_AUTOS = YES_AGGRESSIVE;
				GCC_WARN_UNUSED_FUNCTION = YES;
				GCC_WARN_UNUSED_VARIABLE = YES;
				IPHONEOS_DEPLOYMENT_TARGET = 14.5;
				MTL_ENABLE_DEBUG_INFO = NO;
				MTL_FAST_MATH = YES;
				SDKROOT = iphoneos;
				SWIFT_COMPILATION_MODE = wholemodule;
				SWIFT_OPTIMIZATION_LEVEL = "-O";
				VALIDATE_PRODUCT = YES;
			};
			name = Release;
		};
		469F57BA269089F200F3A697 /* Debug */ = {
			isa = XCBuildConfiguration;
			baseConfigurationReference = C3E23CD0BD6C1E8CBBA91867 /* Pods-VK_application.debug.xcconfig */;
			buildSettings = {
				ASSETCATALOG_COMPILER_APPICON_NAME = AppIcon;
				ASSETCATALOG_COMPILER_GLOBAL_ACCENT_COLOR_NAME = AccentColor;
				CODE_SIGN_STYLE = Automatic;
				DEVELOPMENT_TEAM = 68DGCYQ83R;
				INFOPLIST_FILE = VK_application/Configuration/Info.plist;
				IPHONEOS_DEPLOYMENT_TARGET = 14.3;
				LD_RUNPATH_SEARCH_PATHS = (
					"$(inherited)",
					"@executable_path/Frameworks",
				);
				PRODUCT_BUNDLE_IDENTIFIER = "student.VK-application";
				PRODUCT_NAME = "$(TARGET_NAME)";
				SWIFT_VERSION = 5.0;
				TARGETED_DEVICE_FAMILY = 1;
			};
			name = Debug;
		};
		469F57BB269089F200F3A697 /* Release */ = {
			isa = XCBuildConfiguration;
			baseConfigurationReference = C2625659F19F2CB4272EC149 /* Pods-VK_application.release.xcconfig */;
			buildSettings = {
				ASSETCATALOG_COMPILER_APPICON_NAME = AppIcon;
				ASSETCATALOG_COMPILER_GLOBAL_ACCENT_COLOR_NAME = AccentColor;
				CODE_SIGN_STYLE = Automatic;
				DEVELOPMENT_TEAM = 68DGCYQ83R;
				INFOPLIST_FILE = VK_application/Configuration/Info.plist;
				IPHONEOS_DEPLOYMENT_TARGET = 14.3;
				LD_RUNPATH_SEARCH_PATHS = (
					"$(inherited)",
					"@executable_path/Frameworks",
				);
				PRODUCT_BUNDLE_IDENTIFIER = "student.VK-application";
				PRODUCT_NAME = "$(TARGET_NAME)";
				SWIFT_VERSION = 5.0;
				TARGETED_DEVICE_FAMILY = 1;
			};
			name = Release;
		};
/* End XCBuildConfiguration section */

/* Begin XCConfigurationList section */
		461603BE2737C0AD007D14B8 /* Build configuration list for PBXNativeTarget "VK_applicationTests" */ = {
			isa = XCConfigurationList;
			buildConfigurations = (
				461603BF2737C0AD007D14B8 /* Debug */,
				461603C02737C0AD007D14B8 /* Release */,
			);
			defaultConfigurationIsVisible = 0;
			defaultConfigurationName = Release;
		};
		469F57A0269089F200F3A697 /* Build configuration list for PBXProject "VK_application" */ = {
			isa = XCConfigurationList;
			buildConfigurations = (
				469F57B7269089F200F3A697 /* Debug */,
				469F57B8269089F200F3A697 /* Release */,
			);
			defaultConfigurationIsVisible = 0;
			defaultConfigurationName = Release;
		};
		469F57B9269089F200F3A697 /* Build configuration list for PBXNativeTarget "VK_application" */ = {
			isa = XCConfigurationList;
			buildConfigurations = (
				469F57BA269089F200F3A697 /* Debug */,
				469F57BB269089F200F3A697 /* Release */,
			);
			defaultConfigurationIsVisible = 0;
			defaultConfigurationName = Release;
		};
/* End XCConfigurationList section */
	};
	rootObject = 469F579D269089F200F3A697 /* Project object */;
}
